
Microsoft Visual Studio Solution File, Format Version 12.00
# Visual Studio Version 17
VisualStudioVersion = 17.8.34511.84
MinimumVisualStudioVersion = 10.0.40219.1
Project("{FAE04EC0-301F-11D3-BF4B-00C04F79EFBC}") = "FileApload-FluentValidation", "FileApload-FluentValidation\FileApload-FluentValidation.csproj", "{6E62D48D-8BB2-4FDE-A4F0-8733665B975D}"
EndProject
Global
	GlobalSection(SolutionConfigurationPlatforms) = preSolution
		Debug|Any CPU = Debug|Any CPU
		Release|Any CPU = Release|Any CPU
	EndGlobalSection
	GlobalSection(ProjectConfigurationPlatforms) = postSolution
		{6E62D48D-8BB2-4FDE-A4F0-8733665B975D}.Debug|Any CPU.ActiveCfg = Debug|Any CPU
		{6E62D48D-8BB2-4FDE-A4F0-8733665B975D}.Debug|Any CPU.Build.0 = Debug|Any CPU
		{6E62D48D-8BB2-4FDE-A4F0-8733665B975D}.Release|Any CPU.ActiveCfg = Release|Any CPU
		{6E62D48D-8BB2-4FDE-A4F0-8733665B975D}.Release|Any CPU.Build.0 = Release|Any CPU
	EndGlobalSection
	GlobalSection(SolutionProperties) = preSolution
		HideSolutionNode = FALSE
	EndGlobalSection
	GlobalSection(ExtensibilityGlobals) = postSolution
		SolutionGuid = {2553953B-E7C2-4BEF-B3D5-106A37414C1A}
	EndGlobalSection
EndGlobal
